// !$*UTF8*$!
{
	archiveVersion = 1;
	classes = {
	};
	objectVersion = 46;
	objects = {

/* Begin PBXBuildFile section */
		0CE03EEB1A9A1F15007BBAD5 /* main.cpp in Sources */ = {isa = PBXBuildFile; fileRef = 0CE03EEA1A9A1F15007BBAD5 /* main.cpp */; };
/* End PBXBuildFile section */

/* Begin PBXCopyFilesBuildPhase section */
		0CE03EE51A9A1F15007BBAD5 /* CopyFiles */ = {
			isa = PBXCopyFilesBuildPhase;
			buildActionMask = 2147483647;
			dstPath = /usr/share/man/man1/;
			dstSubfolderSpec = 0;
			files = (
			);
			runOnlyForDeploymentPostprocessing = 1;
		};
/* End PBXCopyFilesBuildPhase section */

/* Begin PBXFileReference section */
		0CE03EE71A9A1F15007BBAD5 /* Dungeon crawler */ = {isa = PBXFileReference; explicitFileType = "compiled.mach-o.executable"; includeInIndex = 0; path = "Dungeon crawler"; sourceTree = BUILT_PRODUCTS_DIR; };
		0CE03EEA1A9A1F15007BBAD5 /* main.cpp */ = {isa = PBXFileReference; lastKnownFileType = sourcecode.cpp.cpp; path = main.cpp; sourceTree = "<group>"; };
/* End PBXFileReference section */

/* Begin PBXFrameworksBuildPhase section */
		0CE03EE41A9A1F15007BBAD5 /* Frameworks */ = {
			isa = PBXFrameworksBuildPhase;
			buildActionMask = 2147483647;
			files = (
			);
			runOnlyForDeploymentPostprocessing = 0;
		};
/* End PBXFrameworksBuildPhase section */

/* Begin PBXGroup section */
		0CE03EDE1A9A1F15007BBAD5 = {
			isa = PBXGroup;
			children = (
				0CE03EE91A9A1F15007BBAD5 /* Dungeon crawler */,
				0CE03EE81A9A1F15007BBAD5 /* Products */,
			);
			sourceTree = "<group>";
		};
		0CE03EE81A9A1F15007BBAD5 /* Products */ = {
			isa = PBXGroup;
			children = (
				0CE03EE71A9A1F15007BBAD5 /* Dungeon crawler */,
			);
			name = Products;
			sourceTree = "<group>";
		};
		0CE03EE91A9A1F15007BBAD5 /* Dungeon crawler */ = {
			isa = PBXGroup;
			children = (
				0CE03EEA1A9A1F15007BBAD5 /* main.cpp */,
			);
			path = "Dungeon crawler";
			sourceTree = "<group>";
		};
/* End PBXGroup section */

/* Begin PBXNativeTarget section */
		0CE03EE61A9A1F15007BBAD5 /* Dungeon crawler */ = {
			isa = PBXNativeTarget;
			buildConfigurationList = 0CE03EEE1A9A1F15007BBAD5 /* Build configuration list for PBXNativeTarget "Dungeon crawler" */;
			buildPhases = (
				0CE03EE31A9A1F15007BBAD5 /* Sources */,
				0CE03EE41A9A1F15007BBAD5 /* Frameworks */,
				0CE03EE51A9A1F15007BBAD5 /* CopyFiles */,
			);
			buildRules = (
			);
			dependencies = (
			);
			name = "Dungeon crawler";
			productName = "Dungeon crawler";
			productReference = 0CE03EE71A9A1F15007BBAD5 /* Dungeon crawler */;
			productType = "com.apple.product-type.tool";
		};
/* End PBXNativeTarget section */

/* Begin PBXProject section */
		0CE03EDF1A9A1F15007BBAD5 /* Project object */ = {
			isa = PBXProject;
			attributes = {
				LastUpgradeCheck = 0610;
				ORGANIZATIONNAME = "Marc Bunkers";
				TargetAttributes = {
					0CE03EE61A9A1F15007BBAD5 = {
						CreatedOnToolsVersion = 6.1.1;
					};
				};
			};
			buildConfigurationList = 0CE03EE21A9A1F15007BBAD5 /* Build configuration list for PBXProject "Dungeon crawler" */;
			compatibilityVersion = "Xcode 3.2";
			developmentRegion = English;
			hasScannedForEncodings = 0;
			knownRegions = (
				en,
			);
			mainGroup = 0CE03EDE1A9A1F15007BBAD5;
			productRefGroup = 0CE03EE81A9A1F15007BBAD5 /* Products */;
			projectDirPath = "";
			projectRoot = "";
			targets = (
				0CE03EE61A9A1F15007BBAD5 /* Dungeon crawler */,
			);
		};
/* End PBXProject section */

/* Begin PBXSourcesBuildPhase section */
		0CE03EE31A9A1F15007BBAD5 /* Sources */ = {
			isa = PBXSourcesBuildPhase;
			buildActionMask = 2147483647;
			files = (
				0CE03EEB1A9A1F15007BBAD5 /* main.cpp in Sources */,
			);
			runOnlyForDeploymentPostprocessing = 0;
		};
/* End PBXSourcesBuildPhase section */

/* Begin XCBuildConfiguration section */
		0CE03EEC1A9A1F15007BBAD5 /* Debug */ = {
			isa = XCBuildConfiguration;
			buildSettings = {
				ALWAYS_SEARCH_USER_PATHS = NO;
				CLANG_CXX_LANGUAGE_STANDARD = "gnu++0x";
				CLANG_CXX_LIBRARY = "libc++";
				CLANG_ENABLE_MODULES = YES;
				CLANG_ENABLE_OBJC_ARC = YES;
				CLANG_WARN_BOOL_CONVERSION = YES;
				CLANG_WARN_CONSTANT_CONVERSION = YES;
				CLANG_WARN_DIRECT_OBJC_ISA_USAGE = YES_ERROR;
				CLANG_WARN_EMPTY_BODY = YES;
				CLANG_WARN_ENUM_CONVERSION = YES;
				CLANG_WARN_INT_CONVERSION = YES;
				CLANG_WARN_OBJC_ROOT_CLASS = YES_ERROR;
				CLANG_WARN_UNREACHABLE_CODE = YES;
				CLANG_WARN__DUPLICATE_METHOD_MATCH = YES;
				COPY_PHASE_STRIP = NO;
				ENABLE_STRICT_OBJC_MSGSEND = YES;
				GCC_C_LANGUAGE_STANDARD = gnu99;
				GCC_DYNAMIC_NO_PIC = NO;
				GCC_OPTIMIZATION_LEVEL = 0;
				GCC_PREPROCESSOR_DEFINITIONS = (
					"DEBUG=1",
					"$(inherited)",
				);
				GCC_SYMBOLS_PRIVATE_EXTERN = NO;
				GCC_WARN_64_TO_32_BIT_CONVERSION = YES;
				GCC_WARN_ABOUT_RETURN_TYPE = YES_ERROR;
				GCC_WARN_UNDECLARED_SELECTOR = YES;
				GCC_WARN_UNINITIALIZED_AUTOS = YES_AGGRESSIVE;
				GCC_WARN_UNUSED_FUNCTION = YES;
				GCC_WARN_UNUSED_VARIABLE = YES;
				MACOSX_DEPLOYMENT_TARGET = 10.10;
				MTL_ENABLE_DEBUG_INFO = YES;
				ONLY_ACTIVE_ARCH = YES;
				SDKROOT = macosx;
			};
			name = Debug;
		};
		0CE03EED1A9A1F15007BBAD5 /* Release */ = {
			isa = XCBuildConfiguration;
			buildSettings = {
				ALWAYS_SEARCH_USER_PATHS = NO;
				CLANG_CXX_LANGUAGE_STANDARD = "gnu++0x";
				CLANG_CXX_LIBRARY = "libc++";
				CLANG_ENABLE_MODULES = YES;
				CLANG_ENABLE_OBJC_ARC = YES;
				CLANG_WARN_BOOL_CONVERSION = YES;
				CLANG_WARN_CONSTANT_CONVERSION = YES;
				CLANG_WARN_DIRECT_OBJC_ISA_USAGE = YES_ERROR;
				CLANG_WARN_EMPTY_BODY = YES;
				CLANG_WARN_ENUM_CONVERSION = YES;
				CLANG_WARN_INT_CONVERSION = YES;
				CLANG_WARN_OBJC_ROOT_CLASS = YES_ERROR;
				CLANG_WARN_UNREACHABLE_CODE = YES;
				CLANG_WARN__DUPLICATE_METHOD_MATCH = YES;
				COPY_PHASE_STRIP = YES;
				DEBUG_INFORMATION_FORMAT = "dwarf-with-dsym";
				ENABLE_NS_ASSERTIONS = NO;
				ENABLE_STRICT_OBJC_MSGSEND = YES;
				GCC_C_LANGUAGE_STANDARD = gnu99;
				GCC_WARN_64_TO_32_BIT_CONVERSION = YES;
				GCC_WARN_ABOUT_RETURN_TYPE = YES_ERROR;
				GCC_WARN_UNDECLARED_SELECTOR = YES;
				GCC_WARN_UNINITIALIZED_AUTOS = YES_AGGRESSIVE;
				GCC_WARN_UNUSED_FUNCTION = YES;
				GCC_WARN_UNUSED_VARIABLE = YES;
				MACOSX_DEPLOYMENT_TARGET = 10.10;
				MTL_ENABLE_DEBUG_INFO = NO;
				SDKROOT = macosx;
			};
			name = Release;
		};
		0CE03EEF1A9A1F15007BBAD5 /* Debug */ = {
			isa = XCBuildConfiguration;
			buildSettings = {
				PRODUCT_NAME = "$(TARGET_NAME)";
			};
			name = Debug;
		};
		0CE03EF01A9A1F15007BBAD5 /* Release */ = {
			isa = XCBuildConfiguration;
			buildSettings = {
				PRODUCT_NAME = "$(TARGET_NAME)";
			};
			name = Release;
		};
/* End XCBuildConfiguration section */

/* Begin XCConfigurationList section */
		0CE03EE21A9A1F15007BBAD5 /* Build configuration list for PBXProject "Dungeon crawler" */ = {
			isa = XCConfigurationList;
			buildConfigurations = (
				0CE03EEC1A9A1F15007BBAD5 /* Debug */,
				0CE03EED1A9A1F15007BBAD5 /* Release */,
			);
			defaultConfigurationIsVisible = 0;
			defaultConfigurationName = Release;
		};
		0CE03EEE1A9A1F15007BBAD5 /* Build configuration list for PBXNativeTarget "Dungeon crawler" */ = {
			isa = XCConfigurationList;
			buildConfigurations = (
				0CE03EEF1A9A1F15007BBAD5 /* Debug */,
				0CE03EF01A9A1F15007BBAD5 /* Release */,
			);
			defaultConfigurationIsVisible = 0;
		};
/* End XCConfigurationList section */
	};
	rootObject = 0CE03EDF1A9A1F15007BBAD5 /* Project object */;
}
